
Microsoft Visual Studio Solution File, Format Version 12.00
Project("{FAE04EC0-301F-11D3-BF4B-00C04F79EFBC}") = "solveHelpers", "solveHelpers\solveHelpers.csproj", "{23177641-EBD6-400B-A21E-33144761C658}"
EndProject
Project("{FAE04EC0-301F-11D3-BF4B-00C04F79EFBC}") = "Day 01", "Day 01\Day 01.csproj", "{F7A138C7-579B-4E02-844C-838FA1CC2930}"
EndProject
Project("{FAE04EC0-301F-11D3-BF4B-00C04F79EFBC}") = "Day 02", "Day 02\Day 02.csproj", "{BD5FDE3D-0001-4963-B928-64696670C820}"
EndProject
Project("{FAE04EC0-301F-11D3-BF4B-00C04F79EFBC}") = "Day 03", "Day 03\Day 03.csproj", "{631967EA-00D9-44C9-A504-4B105112AA0A}"
EndProject
Project("{FAE04EC0-301F-11D3-BF4B-00C04F79EFBC}") = "Day 04", "Day 04\Day 04.csproj", "{EF36B95E-3655-4330-B0D9-C839F4E88FAF}"
EndProject
Project("{FAE04EC0-301F-11D3-BF4B-00C04F79EFBC}") = "Day 05", "Day 05\Day 05.csproj", "{B66F4C8A-D20F-4825-8D90-4F151F4AE329}"
EndProject
Project("{FAE04EC0-301F-11D3-BF4B-00C04F79EFBC}") = "Day 06", "Day 06\Day 06.csproj", "{50D51F27-44D2-49DB-83BC-D0979A425CE5}"
EndProject
Project("{FAE04EC0-301F-11D3-BF4B-00C04F79EFBC}") = "Day 07", "Day 07\Day 07.csproj", "{A9B96C23-E679-428F-AC05-9A6BEE187010}"
EndProject
Global
	GlobalSection(SolutionConfigurationPlatforms) = preSolution
		Debug|Any CPU = Debug|Any CPU
		Release|Any CPU = Release|Any CPU
	EndGlobalSection
	GlobalSection(ProjectConfigurationPlatforms) = postSolution
		{23177641-EBD6-400B-A21E-33144761C658}.Debug|Any CPU.ActiveCfg = Debug|Any CPU
		{23177641-EBD6-400B-A21E-33144761C658}.Debug|Any CPU.Build.0 = Debug|Any CPU
		{23177641-EBD6-400B-A21E-33144761C658}.Release|Any CPU.ActiveCfg = Release|Any CPU
		{23177641-EBD6-400B-A21E-33144761C658}.Release|Any CPU.Build.0 = Release|Any CPU
		{F7A138C7-579B-4E02-844C-838FA1CC2930}.Debug|Any CPU.ActiveCfg = Debug|Any CPU
		{F7A138C7-579B-4E02-844C-838FA1CC2930}.Debug|Any CPU.Build.0 = Debug|Any CPU
		{F7A138C7-579B-4E02-844C-838FA1CC2930}.Release|Any CPU.ActiveCfg = Release|Any CPU
		{F7A138C7-579B-4E02-844C-838FA1CC2930}.Release|Any CPU.Build.0 = Release|Any CPU
		{BD5FDE3D-0001-4963-B928-64696670C820}.Debug|Any CPU.ActiveCfg = Debug|Any CPU
		{BD5FDE3D-0001-4963-B928-64696670C820}.Debug|Any CPU.Build.0 = Debug|Any CPU
		{BD5FDE3D-0001-4963-B928-64696670C820}.Release|Any CPU.ActiveCfg = Release|Any CPU
		{BD5FDE3D-0001-4963-B928-64696670C820}.Release|Any CPU.Build.0 = Release|Any CPU
		{631967EA-00D9-44C9-A504-4B105112AA0A}.Debug|Any CPU.ActiveCfg = Debug|Any CPU
		{631967EA-00D9-44C9-A504-4B105112AA0A}.Debug|Any CPU.Build.0 = Debug|Any CPU
		{631967EA-00D9-44C9-A504-4B105112AA0A}.Release|Any CPU.ActiveCfg = Release|Any CPU
		{631967EA-00D9-44C9-A504-4B105112AA0A}.Release|Any CPU.Build.0 = Release|Any CPU
		{EF36B95E-3655-4330-B0D9-C839F4E88FAF}.Debug|Any CPU.ActiveCfg = Debug|Any CPU
		{EF36B95E-3655-4330-B0D9-C839F4E88FAF}.Debug|Any CPU.Build.0 = Debug|Any CPU
		{EF36B95E-3655-4330-B0D9-C839F4E88FAF}.Release|Any CPU.ActiveCfg = Release|Any CPU
		{EF36B95E-3655-4330-B0D9-C839F4E88FAF}.Release|Any CPU.Build.0 = Release|Any CPU
		{B66F4C8A-D20F-4825-8D90-4F151F4AE329}.Debug|Any CPU.ActiveCfg = Debug|Any CPU
		{B66F4C8A-D20F-4825-8D90-4F151F4AE329}.Debug|Any CPU.Build.0 = Debug|Any CPU
		{B66F4C8A-D20F-4825-8D90-4F151F4AE329}.Release|Any CPU.ActiveCfg = Release|Any CPU
		{B66F4C8A-D20F-4825-8D90-4F151F4AE329}.Release|Any CPU.Build.0 = Release|Any CPU
		{50D51F27-44D2-49DB-83BC-D0979A425CE5}.Debug|Any CPU.ActiveCfg = Debug|Any CPU
		{50D51F27-44D2-49DB-83BC-D0979A425CE5}.Debug|Any CPU.Build.0 = Debug|Any CPU
		{50D51F27-44D2-49DB-83BC-D0979A425CE5}.Release|Any CPU.ActiveCfg = Release|Any CPU
		{50D51F27-44D2-49DB-83BC-D0979A425CE5}.Release|Any CPU.Build.0 = Release|Any CPU
		{A9B96C23-E679-428F-AC05-9A6BEE187010}.Debug|Any CPU.ActiveCfg = Debug|Any CPU
		{A9B96C23-E679-428F-AC05-9A6BEE187010}.Debug|Any CPU.Build.0 = Debug|Any CPU
		{A9B96C23-E679-428F-AC05-9A6BEE187010}.Release|Any CPU.ActiveCfg = Release|Any CPU
		{A9B96C23-E679-428F-AC05-9A6BEE187010}.Release|Any CPU.Build.0 = Release|Any CPU
	EndGlobalSection
EndGlobal
